
Microsoft Visual Studio Solution File, Format Version 12.00
# Visual Studio Version 17
VisualStudioVersion = 17.9.34723.18
MinimumVisualStudioVersion = 10.0.40219.1
Project("{9A19103F-16F7-4668-BE54-9A1E7A4F7556}") = "gRPC.Server", "gRPC.Server\gRPC.Server.csproj", "{4B1EC304-862E-4EA5-84C7-BCF996B35ECD}"
EndProject
Project("{FAE04EC0-301F-11D3-BF4B-00C04F79EFBC}") = "gRPC.Client", "gRPC.Client\gRPC.Client.csproj", "{29D59104-29F0-4EBD-907C-8311A3D690A2}"
EndProject
Global
	GlobalSection(SolutionConfigurationPlatforms) = preSolution
		Debug|Any CPU = Debug|Any CPU
		Release|Any CPU = Release|Any CPU
	EndGlobalSection
	GlobalSection(ProjectConfigurationPlatforms) = postSolution
		{4B1EC304-862E-4EA5-84C7-BCF996B35ECD}.Debug|Any CPU.ActiveCfg = Debug|Any CPU
		{4B1EC304-862E-4EA5-84C7-BCF996B35ECD}.Debug|Any CPU.Build.0 = Debug|Any CPU
		{4B1EC304-862E-4EA5-84C7-BCF996B35ECD}.Release|Any CPU.ActiveCfg = Release|Any CPU
		{4B1EC304-862E-4EA5-84C7-BCF996B35ECD}.Release|Any CPU.Build.0 = Release|Any CPU
		{29D59104-29F0-4EBD-907C-8311A3D690A2}.Debug|Any CPU.ActiveCfg = Debug|Any CPU
		{29D59104-29F0-4EBD-907C-8311A3D690A2}.Debug|Any CPU.Build.0 = Debug|Any CPU
		{29D59104-29F0-4EBD-907C-8311A3D690A2}.Release|Any CPU.ActiveCfg = Release|Any CPU
		{29D59104-29F0-4EBD-907C-8311A3D690A2}.Release|Any CPU.Build.0 = Release|Any CPU
	EndGlobalSection
	GlobalSection(SolutionProperties) = preSolution
		HideSolutionNode = FALSE
	EndGlobalSection
	GlobalSection(ExtensibilityGlobals) = postSolution
		SolutionGuid = {CF8DEE7D-C8FE-4856-943B-92432557FCB0}
	EndGlobalSection
EndGlobal
